# This file was autogenerated by Stack.
# You should not edit this file by hand.
# For more information, please see the documentation at:
#   https://docs.haskellstack.org/en/stable/lock_files

packages:
- completed:
    cabal-file:
      size: 5055
      sha256: 7eed53cafa8c99efe3f06012a79a0b8d8989a194f7a4f0ff0240a19a5dd6c339
    name: mios
    version: 1.6.2
    git: https://github.com/shnarazk/mios.git
    pantry-tree:
      size: 5006
      sha256: af714682f08d389c401a82968a5238f8b1c539fbcc7d6dfc7d994b5e35e830df
    commit: d032d761d73224f981a07ec2ea90936db6f495e8
  original:
    git: https://github.com/shnarazk/mios.git
    commit: d032d761d73224f981a07ec2ea90936db6f495e8
snapshots:
- completed:
    size: 532172
    url: https://raw.githubusercontent.com/commercialhaskell/stackage-snapshots/master/lts/16/18.yaml
    sha256: 4f2a092c6f4869854e8d7435ab98ce5157c641022c3cbfc4c4614ff3db752e62
  original: lts-16.18
